{
  "name": "@shapeshift-labs/frontier-swarm-git",
  "version": "0.1.4",
  "lockfileVersion": 3,
  "requires": true,
  "packages": {
    "": {
      "name": "@shapeshift-labs/frontier-swarm-git",
      "version": "0.1.4",
      "license": "MIT",
      "dependencies": {
        "@shapeshift-labs/frontier": "0.1.9",
        "@shapeshift-labs/frontier-lease": "0.1.2"
      },
      "devDependencies": {
        "@shapeshift-labs/frontier-swarm": "0.5.30",
        "@types/node": "^26.0.0",
        "typescript": "^6.0.3"
      },
      "engines": {
        "node": ">=18"
      }
    },
    "node_modules/@shapeshift-labs/frontier": {
      "version": "0.1.9",
      "resolved": "https://registry.npmjs.org/@shapeshift-labs/frontier/-/frontier-0.1.9.tgz",
      "integrity": "sha512-uAPS5NL7Rfrq+w/9zDETcE7S4aHYvIFI+v7pt+z6eE2UwnFoYh8NxZKS1ueelZThqp7743JdvCzAarUoDn/SSA==",
      "license": "MIT",
      "engines": {
        "node": ">=18"
      }
    },
    "node_modules/@shapeshift-labs/frontier-lease": {
      "version": "0.1.2",
      "resolved": "https://registry.npmjs.org/@shapeshift-labs/frontier-lease/-/frontier-lease-0.1.2.tgz",
      "integrity": "sha512-CVPh4rFkJspHafKVywtgjakqsmEtuu8yZEEU1tm5GDGkFwVYdr1qDKhTyX+24ZMNu0EH2haDSW5cWDOd16tM9Q==",
      "license": "MIT",
      "dependencies": {
        "@shapeshift-labs/frontier": "0.1.9"
      },
      "engines": {
        "node": ">=18"
      }
    },
    "node_modules/@shapeshift-labs/frontier-run": {
      "version": "0.1.2",
      "resolved": "https://registry.npmjs.org/@shapeshift-labs/frontier-run/-/frontier-run-0.1.2.tgz",
      "integrity": "sha512-V34MPKMblQKIK3LhBb7/cbd4iYnZy38lORZZECH3ZDwxK1YpRNSxnZQiXPTxu5RSYtqLm2RlKcSKHSgDyWJi2w==",
      "dev": true,
      "license": "MIT",
      "dependencies": {
        "@shapeshift-labs/frontier": "0.1.9"
      },
      "engines": {
        "node": ">=18"
      }
    },
    "node_modules/@shapeshift-labs/frontier-swarm": {
      "version": "0.5.30",
      "resolved": "https://registry.npmjs.org/@shapeshift-labs/frontier-swarm/-/frontier-swarm-0.5.30.tgz",
      "integrity": "sha512-PBJB9DBv3WG9SvFGkj7ua9ug+qPBWpcPuspYaLDI0mcjBNBXVOnumZJRdiXzuojL8JTebRgWLCfEUZPXP/ZmmA==",
      "dev": true,
      "license": "MIT",
      "dependencies": {
        "@shapeshift-labs/frontier": "0.1.9",
        "@shapeshift-labs/frontier-lease": "^0.1.2",
        "@shapeshift-labs/frontier-run": "0.1.2"
      },
      "engines": {
        "node": ">=18"
      }
    },
    "node_modules/@types/node": {
      "version": "26.0.0",
      "resolved": "https://registry.npmjs.org/@types/node/-/node-26.0.0.tgz",
      "integrity": "sha512-vf2YFi1iY9lHGwNJMs01biZFbKJkrZR1T6/MlzjhJLPdntOHLhTrDSnSVcdtvjihi4VQNlrFRIxLsDBlQpAipA==",
      "dev": true,
      "license": "MIT",
      "dependencies": {
        "undici-types": "~8.3.0"
      }
    },
    "node_modules/typescript": {
      "version": "6.0.3",
      "resolved": "https://registry.npmjs.org/typescript/-/typescript-6.0.3.tgz",
      "integrity": "sha512-y2TvuxSZPDyQakkFRPZHKFm+KKVqIisdg9/CZwm9ftvKXLP8NRWj38/ODjNbr43SsoXqNuAisEf1GdCxqWcdBw==",
      "dev": true,
      "license": "Apache-2.0",
      "bin": {
        "tsc": "bin/tsc",
        "tsserver": "bin/tsserver"
      },
      "engines": {
        "node": ">=14.17"
      }
    },
    "node_modules/undici-types": {
      "version": "8.3.0",
      "resolved": "https://registry.npmjs.org/undici-types/-/undici-types-8.3.0.tgz",
      "integrity": "sha512-j375ScV60dom+YkPFIfTLcOiPxkN/buHz5GobjLhixFuANaNs3C9l4GmrWqejgXWJ7BbJcFYpTEUkS1Ge8bpZQ==",
      "dev": true,
      "license": "MIT"
    }
  }
}
