{
  "name": "@shapeshift-labs/frontier-swarm-git",
  "version": "0.1.0",
  "lockfileVersion": 3,
  "requires": true,
  "packages": {
    "": {
      "name": "@shapeshift-labs/frontier-swarm-git",
      "version": "0.1.0",
      "license": "MIT",
      "dependencies": {
        "@shapeshift-labs/frontier": "0.1.9",
        "@shapeshift-labs/frontier-swarm": "0.5.25"
      },
      "devDependencies": {
        "@types/node": "^26.0.0",
        "typescript": "^6.0.3"
      },
      "engines": {
        "node": ">=18"
      }
    },
    "node_modules/@shapeshift-labs/frontier": {
      "version": "0.1.9",
      "resolved": "https://registry.npmjs.org/@shapeshift-labs/frontier/-/frontier-0.1.9.tgz",
      "integrity": "sha512-uAPS5NL7Rfrq+w/9zDETcE7S4aHYvIFI+v7pt+z6eE2UwnFoYh8NxZKS1ueelZThqp7743JdvCzAarUoDn/SSA==",
      "license": "MIT",
      "engines": {
        "node": ">=18"
      }
    },
    "node_modules/@shapeshift-labs/frontier-lease": {
      "version": "0.1.0",
      "resolved": "https://registry.npmjs.org/@shapeshift-labs/frontier-lease/-/frontier-lease-0.1.0.tgz",
      "integrity": "sha512-Dqq8xAe+9rUdCyprt/wkvBgowMzq0Lrcl67K3doIaFSp0U4dHBkkl70ZJZu/pixtUZLLn66h1PNTWOYWg6+/oQ==",
      "license": "MIT",
      "dependencies": {
        "@shapeshift-labs/frontier": "0.1.9"
      },
      "engines": {
        "node": ">=18"
      }
    },
    "node_modules/@shapeshift-labs/frontier-run": {
      "version": "0.1.0",
      "resolved": "https://registry.npmjs.org/@shapeshift-labs/frontier-run/-/frontier-run-0.1.0.tgz",
      "integrity": "sha512-wfvH/WocXB4MFF+clLIsLUBMvCnZgcW8AS0ZVkv0E0VlmbzYXc017/ByeCT5Zwrgi6Nj3eOPQ6jWfkmVBgIgmg==",
      "license": "MIT",
      "dependencies": {
        "@shapeshift-labs/frontier": "0.1.9"
      },
      "engines": {
        "node": ">=18"
      }
    },
    "node_modules/@shapeshift-labs/frontier-swarm": {
      "version": "0.5.25",
      "resolved": "https://registry.npmjs.org/@shapeshift-labs/frontier-swarm/-/frontier-swarm-0.5.25.tgz",
      "integrity": "sha512-h8Mokp2fGyzX10SrU995Ykq1/UDjwtAST4hK5LNx/PwcqPFIAO7uVQfWX/w+vt0gM0wdndv+NS3IbWtBs5WLBQ==",
      "license": "MIT",
      "dependencies": {
        "@shapeshift-labs/frontier": "0.1.9",
        "@shapeshift-labs/frontier-lease": "^0.1.0",
        "@shapeshift-labs/frontier-run": "0.1.0"
      },
      "engines": {
        "node": ">=18"
      }
    },
    "node_modules/@types/node": {
      "version": "26.0.0",
      "resolved": "https://registry.npmjs.org/@types/node/-/node-26.0.0.tgz",
      "integrity": "sha512-vf2YFi1iY9lHGwNJMs01biZFbKJkrZR1T6/MlzjhJLPdntOHLhTrDSnSVcdtvjihi4VQNlrFRIxLsDBlQpAipA==",
      "dev": true,
      "license": "MIT",
      "dependencies": {
        "undici-types": "~8.3.0"
      }
    },
    "node_modules/typescript": {
      "version": "6.0.3",
      "resolved": "https://registry.npmjs.org/typescript/-/typescript-6.0.3.tgz",
      "integrity": "sha512-y2TvuxSZPDyQakkFRPZHKFm+KKVqIisdg9/CZwm9ftvKXLP8NRWj38/ODjNbr43SsoXqNuAisEf1GdCxqWcdBw==",
      "dev": true,
      "license": "Apache-2.0",
      "bin": {
        "tsc": "bin/tsc",
        "tsserver": "bin/tsserver"
      },
      "engines": {
        "node": ">=14.17"
      }
    },
    "node_modules/undici-types": {
      "version": "8.3.0",
      "resolved": "https://registry.npmjs.org/undici-types/-/undici-types-8.3.0.tgz",
      "integrity": "sha512-j375ScV60dom+YkPFIfTLcOiPxkN/buHz5GobjLhixFuANaNs3C9l4GmrWqejgXWJ7BbJcFYpTEUkS1Ge8bpZQ==",
      "dev": true,
      "license": "MIT"
    }
  }
}
